// !$*UTF8*$!
{
	archiveVersion = 1;
	classes = {
	};
	objectVersion = 46;
	objects = {

/* Begin PBXBuildFile section */
		F7FCC0E01A595D13005C9804 /* jenkins_test.h in CopyFiles */ = {isa = PBXBuildFile; fileRef = F7FCC0DF1A595D13005C9804 /* jenkins_test.h */; };
		F7FCC0E21A595D13005C9804 /* jenkins_test.m in Sources */ = {isa = PBXBuildFile; fileRef = F7FCC0E11A595D13005C9804 /* jenkins_test.m */; };
		F7FCC0E81A595D13005C9804 /* libjenkins_test.a in Frameworks */ = {isa = PBXBuildFile; fileRef = F7FCC0DC1A595D13005C9804 /* libjenkins_test.a */; };
/* End PBXBuildFile section */

/* Begin PBXContainerItemProxy section */
		F7FCC0E91A595D13005C9804 /* PBXContainerItemProxy */ = {
			isa = PBXContainerItemProxy;
			containerPortal = F7FCC0D41A595D13005C9804 /* Project object */;
			proxyType = 1;
			remoteGlobalIDString = F7FCC0DB1A595D13005C9804;
			remoteInfo = jenkins_test;
		};
/* End PBXContainerItemProxy section */

/* Begin PBXCopyFilesBuildPhase section */
		F7FCC0DA1A595D13005C9804 /* CopyFiles */ = {
			isa = PBXCopyFilesBuildPhase;
			buildActionMask = 2147483647;
			dstPath = "include/$(PRODUCT_NAME)";
			dstSubfolderSpec = 16;
			files = (
				F7FCC0E01A595D13005C9804 /* jenkins_test.h in CopyFiles */,
			);
			runOnlyForDeploymentPostprocessing = 0;
		};
/* End PBXCopyFilesBuildPhase section */

/* Begin PBXFileReference section */
		F7FCC0DC1A595D13005C9804 /* libjenkins_test.a */ = {isa = PBXFileReference; explicitFileType = archive.ar; includeInIndex = 0; path = libjenkins_test.a; sourceTree = BUILT_PRODUCTS_DIR; };
		F7FCC0DF1A595D13005C9804 /* jenkins_test.h */ = {isa = PBXFileReference; lastKnownFileType = sourcecode.c.h; path = jenkins_test.h; sourceTree = "<group>"; };
		F7FCC0E11A595D13005C9804 /* jenkins_test.m */ = {isa = PBXFileReference; lastKnownFileType = sourcecode.c.objc; path = jenkins_test.m; sourceTree = "<group>"; };
		F7FCC0E71A595D13005C9804 /* jenkins_testTests.xctest */ = {isa = PBXFileReference; explicitFileType = wrapper.cfbundle; includeInIndex = 0; path = jenkins_testTests.xctest; sourceTree = BUILT_PRODUCTS_DIR; };
		F7FCC0ED1A595D13005C9804 /* Info.plist */ = {isa = PBXFileReference; lastKnownFileType = text.plist.xml; path = Info.plist; sourceTree = "<group>"; };
/* End PBXFileReference section */

/* Begin PBXFrameworksBuildPhase section */
		F7FCC0D91A595D13005C9804 /* Frameworks */ = {
			isa = PBXFrameworksBuildPhase;
			buildActionMask = 2147483647;
			files = (
			);
			runOnlyForDeploymentPostprocessing = 0;
		};
		F7FCC0E41A595D13005C9804 /* Frameworks */ = {
			isa = PBXFrameworksBuildPhase;
			buildActionMask = 2147483647;
			files = (
				F7FCC0E81A595D13005C9804 /* libjenkins_test.a in Frameworks */,
			);
			runOnlyForDeploymentPostprocessing = 0;
		};
/* End PBXFrameworksBuildPhase section */

/* Begin PBXGroup section */
		F7FCC0D31A595D13005C9804 = {
			isa = PBXGroup;
			children = (
				F7FCC0DE1A595D13005C9804 /* jenkins_test */,
				F7FCC0EB1A595D13005C9804 /* jenkins_testTests */,
				F7FCC0DD1A595D13005C9804 /* Products */,
			);
			sourceTree = "<group>";
		};
		F7FCC0DD1A595D13005C9804 /* Products */ = {
			isa = PBXGroup;
			children = (
				F7FCC0DC1A595D13005C9804 /* libjenkins_test.a */,
				F7FCC0E71A595D13005C9804 /* jenkins_testTests.xctest */,
			);
			name = Products;
			sourceTree = "<group>";
		};
		F7FCC0DE1A595D13005C9804 /* jenkins_test */ = {
			isa = PBXGroup;
			children = (
				F7FCC0DF1A595D13005C9804 /* jenkins_test.h */,
				F7FCC0E11A595D13005C9804 /* jenkins_test.m */,
			);
			path = jenkins_test;
			sourceTree = "<group>";
		};
		F7FCC0EB1A595D13005C9804 /* jenkins_testTests */ = {
			isa = PBXGroup;
			children = (
				F7FCC0EC1A595D13005C9804 /* Supporting Files */,
			);
			path = jenkins_testTests;
			sourceTree = "<group>";
		};
		F7FCC0EC1A595D13005C9804 /* Supporting Files */ = {
			isa = PBXGroup;
			children = (
				F7FCC0ED1A595D13005C9804 /* Info.plist */,
			);
			name = "Supporting Files";
			sourceTree = "<group>";
		};
/* End PBXGroup section */

/* Begin PBXNativeTarget section */
		F7FCC0DB1A595D13005C9804 /* jenkins_test */ = {
			isa = PBXNativeTarget;
			buildConfigurationList = F7FCC0F01A595D13005C9804 /* Build configuration list for PBXNativeTarget "jenkins_test" */;
			buildPhases = (
				F7FCC0D81A595D13005C9804 /* Sources */,
				F7FCC0D91A595D13005C9804 /* Frameworks */,
				F7FCC0DA1A595D13005C9804 /* CopyFiles */,
			);
			buildRules = (
			);
			dependencies = (
			);
			name = jenkins_test;
			productName = jenkins_test;
			productReference = F7FCC0DC1A595D13005C9804 /* libjenkins_test.a */;
			productType = "com.apple.product-type.library.static";
		};
		F7FCC0E61A595D13005C9804 /* jenkins_testTests */ = {
			isa = PBXNativeTarget;
			buildConfigurationList = F7FCC0F31A595D13005C9804 /* Build configuration list for PBXNativeTarget "jenkins_testTests" */;
			buildPhases = (
				F7FCC0E31A595D13005C9804 /* Sources */,
				F7FCC0E41A595D13005C9804 /* Frameworks */,
				F7FCC0E51A595D13005C9804 /* Resources */,
			);
			buildRules = (
			);
			dependencies = (
				F7FCC0EA1A595D13005C9804 /* PBXTargetDependency */,
			);
			name = jenkins_testTests;
			productName = jenkins_testTests;
			productReference = F7FCC0E71A595D13005C9804 /* jenkins_testTests.xctest */;
			productType = "com.apple.product-type.bundle.unit-test";
		};
/* End PBXNativeTarget section */

/* Begin PBXProject section */
		F7FCC0D41A595D13005C9804 /* Project object */ = {
			isa = PBXProject;
			attributes = {
				LastUpgradeCheck = 0610;
				ORGANIZATIONNAME = usc;
				TargetAttributes = {
					F7FCC0DB1A595D13005C9804 = {
						CreatedOnToolsVersion = 6.1;
					};
					F7FCC0E61A595D13005C9804 = {
						CreatedOnToolsVersion = 6.1;
					};
				};
			};
			buildConfigurationList = F7FCC0D71A595D13005C9804 /* Build configuration list for PBXProject "jenkins_test" */;
			compatibilityVersion = "Xcode 3.2";
			developmentRegion = English;
			hasScannedForEncodings = 0;
			knownRegions = (
				en,
			);
			mainGroup = F7FCC0D31A595D13005C9804;
			productRefGroup = F7FCC0DD1A595D13005C9804 /* Products */;
			projectDirPath = "";
			projectRoot = "";
			targets = (
				F7FCC0DB1A595D13005C9804 /* jenkins_test */,
				F7FCC0E61A595D13005C9804 /* jenkins_testTests */,
			);
		};
/* End PBXProject section */

/* Begin PBXResourcesBuildPhase section */
		F7FCC0E51A595D13005C9804 /* Resources */ = {
			isa = PBXResourcesBuildPhase;
			buildActionMask = 2147483647;
			files = (
			);
			runOnlyForDeploymentPostprocessing = 0;
		};
/* End PBXResourcesBuildPhase section */

/* Begin PBXSourcesBuildPhase section */
		F7FCC0D81A595D13005C9804 /* Sources */ = {
			isa = PBXSourcesBuildPhase;
			buildActionMask = 2147483647;
			files = (
				F7FCC0E21A595D13005C9804 /* jenkins_test.m in Sources */,
			);
			runOnlyForDeploymentPostprocessing = 0;
		};
		F7FCC0E31A595D13005C9804 /* Sources */ = {
			isa = PBXSourcesBuildPhase;
			buildActionMask = 2147483647;
			files = (
			);
			runOnlyForDeploymentPostprocessing = 0;
		};
/* End PBXSourcesBuildPhase section */

/* Begin PBXTargetDependency section */
		F7FCC0EA1A595D13005C9804 /* PBXTargetDependency */ = {
			isa = PBXTargetDependency;
			target = F7FCC0DB1A595D13005C9804 /* jenkins_test */;
			targetProxy = F7FCC0E91A595D13005C9804 /* PBXContainerItemProxy */;
		};
/* End PBXTargetDependency section */

/* Begin XCBuildConfiguration section */
		F7FCC0EE1A595D13005C9804 /* Debug */ = {
			isa = XCBuildConfiguration;
			buildSettings = {
				ALWAYS_SEARCH_USER_PATHS = NO;
				CLANG_CXX_LANGUAGE_STANDARD = "gnu++0x";
				CLANG_CXX_LIBRARY = "libc++";
				CLANG_ENABLE_MODULES = YES;
				CLANG_ENABLE_OBJC_ARC = YES;
				CLANG_WARN_BOOL_CONVERSION = YES;
				CLANG_WARN_CONSTANT_CONVERSION = YES;
				CLANG_WARN_DIRECT_OBJC_ISA_USAGE = YES_ERROR;
				CLANG_WARN_EMPTY_BODY = YES;
				CLANG_WARN_ENUM_CONVERSION = YES;
				CLANG_WARN_INT_CONVERSION = YES;
				CLANG_WARN_OBJC_ROOT_CLASS = YES_ERROR;
				CLANG_WARN_UNREACHABLE_CODE = YES;
				CLANG_WARN__DUPLICATE_METHOD_MATCH = YES;
				COPY_PHASE_STRIP = NO;
				ENABLE_STRICT_OBJC_MSGSEND = YES;
				GCC_C_LANGUAGE_STANDARD = gnu99;
				GCC_DYNAMIC_NO_PIC = NO;
				GCC_OPTIMIZATION_LEVEL = 0;
				GCC_PREPROCESSOR_DEFINITIONS = (
					"DEBUG=1",
					"$(inherited)",
				);
				GCC_SYMBOLS_PRIVATE_EXTERN = NO;
				GCC_WARN_64_TO_32_BIT_CONVERSION = YES;
				GCC_WARN_ABOUT_RETURN_TYPE = YES_ERROR;
				GCC_WARN_UNDECLARED_SELECTOR = YES;
				GCC_WARN_UNINITIALIZED_AUTOS = YES_AGGRESSIVE;
				GCC_WARN_UNUSED_FUNCTION = YES;
				GCC_WARN_UNUSED_VARIABLE = YES;
				IPHONEOS_DEPLOYMENT_TARGET = 8.1;
				MTL_ENABLE_DEBUG_INFO = YES;
				ONLY_ACTIVE_ARCH = YES;
				SDKROOT = iphoneos;
			};
			name = Debug;
		};
		F7FCC0EF1A595D13005C9804 /* Release */ = {
			isa = XCBuildConfiguration;
			buildSettings = {
				ALWAYS_SEARCH_USER_PATHS = NO;
				CLANG_CXX_LANGUAGE_STANDARD = "gnu++0x";
				CLANG_CXX_LIBRARY = "libc++";
				CLANG_ENABLE_MODULES = YES;
				CLANG_ENABLE_OBJC_ARC = YES;
				CLANG_WARN_BOOL_CONVERSION = YES;
				CLANG_WARN_CONSTANT_CONVERSION = YES;
				CLANG_WARN_DIRECT_OBJC_ISA_USAGE = YES_ERROR;
				CLANG_WARN_EMPTY_BODY = YES;
				CLANG_WARN_ENUM_CONVERSION = YES;
				CLANG_WARN_INT_CONVERSION = YES;
				CLANG_WARN_OBJC_ROOT_CLASS = YES_ERROR;
				CLANG_WARN_UNREACHABLE_CODE = YES;
				CLANG_WARN__DUPLICATE_METHOD_MATCH = YES;
				COPY_PHASE_STRIP = YES;
				ENABLE_NS_ASSERTIONS = NO;
				ENABLE_STRICT_OBJC_MSGSEND = YES;
				GCC_C_LANGUAGE_STANDARD = gnu99;
				GCC_WARN_64_TO_32_BIT_CONVERSION = YES;
				GCC_WARN_ABOUT_RETURN_TYPE = YES_ERROR;
				GCC_WARN_UNDECLARED_SELECTOR = YES;
				GCC_WARN_UNINITIALIZED_AUTOS = YES_AGGRESSIVE;
				GCC_WARN_UNUSED_FUNCTION = YES;
				GCC_WARN_UNUSED_VARIABLE = YES;
				IPHONEOS_DEPLOYMENT_TARGET = 8.1;
				MTL_ENABLE_DEBUG_INFO = NO;
				SDKROOT = iphoneos;
				VALIDATE_PRODUCT = YES;
			};
			name = Release;
		};
		F7FCC0F11A595D13005C9804 /* Debug */ = {
			isa = XCBuildConfiguration;
			buildSettings = {
				OTHER_LDFLAGS = "-ObjC";
				PRODUCT_NAME = "$(TARGET_NAME)";
				SKIP_INSTALL = YES;
			};
			name = Debug;
		};
		F7FCC0F21A595D13005C9804 /* Release */ = {
			isa = XCBuildConfiguration;
			buildSettings = {
				OTHER_LDFLAGS = "-ObjC";
				PRODUCT_NAME = "$(TARGET_NAME)";
				SKIP_INSTALL = YES;
			};
			name = Release;
		};
		F7FCC0F41A595D13005C9804 /* Debug */ = {
			isa = XCBuildConfiguration;
			buildSettings = {
				FRAMEWORK_SEARCH_PATHS = (
					"$(SDKROOT)/Developer/Library/Frameworks",
					"$(inherited)",
				);
				GCC_PREPROCESSOR_DEFINITIONS = (
					"DEBUG=1",
					"$(inherited)",
				);
				INFOPLIST_FILE = jenkins_testTests/Info.plist;
				LD_RUNPATH_SEARCH_PATHS = "$(inherited) @executable_path/Frameworks @loader_path/Frameworks";
				PRODUCT_NAME = "$(TARGET_NAME)";
			};
			name = Debug;
		};
		F7FCC0F51A595D13005C9804 /* Release */ = {
			isa = XCBuildConfiguration;
			buildSettings = {
				FRAMEWORK_SEARCH_PATHS = (
					"$(SDKROOT)/Developer/Library/Frameworks",
					"$(inherited)",
				);
				INFOPLIST_FILE = jenkins_testTests/Info.plist;
				LD_RUNPATH_SEARCH_PATHS = "$(inherited) @executable_path/Frameworks @loader_path/Frameworks";
				PRODUCT_NAME = "$(TARGET_NAME)";
			};
			name = Release;
		};
/* End XCBuildConfiguration section */

/* Begin XCConfigurationList section */
		F7FCC0D71A595D13005C9804 /* Build configuration list for PBXProject "jenkins_test" */ = {
			isa = XCConfigurationList;
			buildConfigurations = (
				F7FCC0EE1A595D13005C9804 /* Debug */,
				F7FCC0EF1A595D13005C9804 /* Release */,
			);
			defaultConfigurationIsVisible = 0;
			defaultConfigurationName = Release;
		};
		F7FCC0F01A595D13005C9804 /* Build configuration list for PBXNativeTarget "jenkins_test" */ = {
			isa = XCConfigurationList;
			buildConfigurations = (
				F7FCC0F11A595D13005C9804 /* Debug */,
				F7FCC0F21A595D13005C9804 /* Release */,
			);
			defaultConfigurationIsVisible = 0;
		};
		F7FCC0F31A595D13005C9804 /* Build configuration list for PBXNativeTarget "jenkins_testTests" */ = {
			isa = XCConfigurationList;
			buildConfigurations = (
				F7FCC0F41A595D13005C9804 /* Debug */,
				F7FCC0F51A595D13005C9804 /* Release */,
			);
			defaultConfigurationIsVisible = 0;
		};
/* End XCConfigurationList section */
	};
	rootObject = F7FCC0D41A595D13005C9804 /* Project object */;
}
